# THIS IS AN AUTOGENERATED FILE. DO NOT EDIT THIS FILE DIRECTLY.
# yarn lockfile v1


deep-clone@^3.0.3:
  version "3.0.3"
  resolved "https://registry.yarnpkg.com/deep-clone/-/deep-clone-3.0.3.tgz#c13d7797625b66e955c5f6f52bfad028eb1166bb"
  integrity sha512-6jtXIlCBAwr3GP/7Il52clbIFIKAxg/pnNkL4/sE6+Oqb10MXMtm9LDZV2IAuwdaKV9VBm8hlxAFk9r6pF8XRw==
